
Microsoft Visual Studio Solution File, Format Version 12.00
# Visual Studio Version 16
VisualStudioVersion = 16.0.32228.343
MinimumVisualStudioVersion = 10.0.40219.1
Project("{FAE04EC0-301F-11D3-BF4B-00C04F79EFBC}") = "Exemplo 9.129", "Exemplo 9.129\Exemplo 9.129.csproj", "{6AD5BC3B-4008-46CA-AA3E-8C6BDD3DFF46}"
EndProject
Global
	GlobalSection(SolutionConfigurationPlatforms) = preSolution
		Debug|Any CPU = Debug|Any CPU
		Release|Any CPU = Release|Any CPU
	EndGlobalSection
	GlobalSection(ProjectConfigurationPlatforms) = postSolution
		{6AD5BC3B-4008-46CA-AA3E-8C6BDD3DFF46}.Debug|Any CPU.ActiveCfg = Debug|Any CPU
		{6AD5BC3B-4008-46CA-AA3E-8C6BDD3DFF46}.Debug|Any CPU.Build.0 = Debug|Any CPU
		{6AD5BC3B-4008-46CA-AA3E-8C6BDD3DFF46}.Release|Any CPU.ActiveCfg = Release|Any CPU
		{6AD5BC3B-4008-46CA-AA3E-8C6BDD3DFF46}.Release|Any CPU.Build.0 = Release|Any CPU
	EndGlobalSection
	GlobalSection(SolutionProperties) = preSolution
		HideSolutionNode = FALSE
	EndGlobalSection
	GlobalSection(ExtensibilityGlobals) = postSolution
		SolutionGuid = {FC128319-27E9-4092-9658-A2522FF2B5D1}
	EndGlobalSection
EndGlobal
